
Microsoft Visual Studio Solution File, Format Version 12.00
# Visual Studio Version 17
VisualStudioVersion = 17.6.33815.320
MinimumVisualStudioVersion = 10.0.40219.1
Project("{FAE04EC0-301F-11D3-BF4B-00C04F79EFBC}") = "Lab03", "Lab03.csproj", "{C65532EE-A3D8-4707-B0F2-CD6ACF0A52AD}"
EndProject
Global
	GlobalSection(SolutionConfigurationPlatforms) = preSolution
		Debug|Any CPU = Debug|Any CPU
		Release|Any CPU = Release|Any CPU
	EndGlobalSection
	GlobalSection(ProjectConfigurationPlatforms) = postSolution
		{C65532EE-A3D8-4707-B0F2-CD6ACF0A52AD}.Debug|Any CPU.ActiveCfg = Debug|Any CPU
		{C65532EE-A3D8-4707-B0F2-CD6ACF0A52AD}.Debug|Any CPU.Build.0 = Debug|Any CPU
		{C65532EE-A3D8-4707-B0F2-CD6ACF0A52AD}.Release|Any CPU.ActiveCfg = Release|Any CPU
		{C65532EE-A3D8-4707-B0F2-CD6ACF0A52AD}.Release|Any CPU.Build.0 = Release|Any CPU
	EndGlobalSection
	GlobalSection(SolutionProperties) = preSolution
		HideSolutionNode = FALSE
	EndGlobalSection
	GlobalSection(ExtensibilityGlobals) = postSolution
		SolutionGuid = {6DE65AE5-E42A-4D86-8FF9-0D36B3BB2E04}
	EndGlobalSection
EndGlobal
